// !$*UTF8*$!
{
	archiveVersion = 1;
	classes = {
	};
	objectVersion = 50;
	objects = {

/* Begin PBXBuildFile section */
		59B37FE326373F2000FD0ADC /* AppDelegate.swift in Sources */ = {isa = PBXBuildFile; fileRef = 59B37FE226373F2000FD0ADC /* AppDelegate.swift */; };
		59B37FE526373F2000FD0ADC /* SceneDelegate.swift in Sources */ = {isa = PBXBuildFile; fileRef = 59B37FE426373F2000FD0ADC /* SceneDelegate.swift */; };
		59B37FE726373F2000FD0ADC /* ViewController.swift in Sources */ = {isa = PBXBuildFile; fileRef = 59B37FE626373F2000FD0ADC /* ViewController.swift */; };
		59B37FEA26373F2000FD0ADC /* Main.storyboard in Resources */ = {isa = PBXBuildFile; fileRef = 59B37FE826373F2000FD0ADC /* Main.storyboard */; };
		59B37FED26373F2000FD0ADC /* Github_Search.xcdatamodeld in Sources */ = {isa = PBXBuildFile; fileRef = 59B37FEB26373F2000FD0ADC /* Github_Search.xcdatamodeld */; };
		59B37FEF26373F2100FD0ADC /* Assets.xcassets in Resources */ = {isa = PBXBuildFile; fileRef = 59B37FEE26373F2100FD0ADC /* Assets.xcassets */; };
		59B37FF226373F2100FD0ADC /* LaunchScreen.storyboard in Resources */ = {isa = PBXBuildFile; fileRef = 59B37FF026373F2100FD0ADC /* LaunchScreen.storyboard */; };
		59B3800326384C1600FD0ADC /* Repo.swift in Sources */ = {isa = PBXBuildFile; fileRef = 59B3800226384C1600FD0ADC /* Repo.swift */; };
		59B3800626384DD800FD0ADC /* NetworkManger.swift in Sources */ = {isa = PBXBuildFile; fileRef = 59B3800526384DD800FD0ADC /* NetworkManger.swift */; };
		59B380232638552800FD0ADC /* RepoCell.swift in Sources */ = {isa = PBXBuildFile; fileRef = 59B380212638552800FD0ADC /* RepoCell.swift */; };
		59B380242638552800FD0ADC /* RepoCell.xib in Resources */ = {isa = PBXBuildFile; fileRef = 59B380222638552800FD0ADC /* RepoCell.xib */; };
/* End PBXBuildFile section */

/* Begin PBXFileReference section */
		59B37FDF26373F2000FD0ADC /* Github Search.app */ = {isa = PBXFileReference; explicitFileType = wrapper.application; includeInIndex = 0; path = "Github Search.app"; sourceTree = BUILT_PRODUCTS_DIR; };
		59B37FE226373F2000FD0ADC /* AppDelegate.swift */ = {isa = PBXFileReference; lastKnownFileType = sourcecode.swift; path = AppDelegate.swift; sourceTree = "<group>"; };
		59B37FE426373F2000FD0ADC /* SceneDelegate.swift */ = {isa = PBXFileReference; lastKnownFileType = sourcecode.swift; path = SceneDelegate.swift; sourceTree = "<group>"; };
		59B37FE626373F2000FD0ADC /* ViewController.swift */ = {isa = PBXFileReference; lastKnownFileType = sourcecode.swift; path = ViewController.swift; sourceTree = "<group>"; };
		59B37FE926373F2000FD0ADC /* Base */ = {isa = PBXFileReference; lastKnownFileType = file.storyboard; name = Base; path = Base.lproj/Main.storyboard; sourceTree = "<group>"; };
		59B37FEC26373F2000FD0ADC /* Github_Search.xcdatamodel */ = {isa = PBXFileReference; lastKnownFileType = wrapper.xcdatamodel; path = Github_Search.xcdatamodel; sourceTree = "<group>"; };
		59B37FEE26373F2100FD0ADC /* Assets.xcassets */ = {isa = PBXFileReference; lastKnownFileType = folder.assetcatalog; path = Assets.xcassets; sourceTree = "<group>"; };
		59B37FF126373F2100FD0ADC /* Base */ = {isa = PBXFileReference; lastKnownFileType = file.storyboard; name = Base; path = Base.lproj/LaunchScreen.storyboard; sourceTree = "<group>"; };
		59B37FF326373F2100FD0ADC /* Info.plist */ = {isa = PBXFileReference; lastKnownFileType = text.plist.xml; path = Info.plist; sourceTree = "<group>"; };
		59B3800226384C1600FD0ADC /* Repo.swift */ = {isa = PBXFileReference; lastKnownFileType = sourcecode.swift; path = Repo.swift; sourceTree = "<group>"; };
		59B3800526384DD800FD0ADC /* NetworkManger.swift */ = {isa = PBXFileReference; lastKnownFileType = sourcecode.swift; path = NetworkManger.swift; sourceTree = "<group>"; };
		59B380212638552800FD0ADC /* RepoCell.swift */ = {isa = PBXFileReference; lastKnownFileType = sourcecode.swift; path = RepoCell.swift; sourceTree = "<group>"; };
		59B380222638552800FD0ADC /* RepoCell.xib */ = {isa = PBXFileReference; lastKnownFileType = file.xib; path = RepoCell.xib; sourceTree = "<group>"; };
/* End PBXFileReference section */

/* Begin PBXFrameworksBuildPhase section */
		59B37FDC26373F2000FD0ADC /* Frameworks */ = {
			isa = PBXFrameworksBuildPhase;
			buildActionMask = 2147483647;
			files = (
			);
			runOnlyForDeploymentPostprocessing = 0;
		};
/* End PBXFrameworksBuildPhase section */

/* Begin PBXGroup section */
		59B37FD626373F2000FD0ADC = {
			isa = PBXGroup;
			children = (
				59B37FE126373F2000FD0ADC /* Github Search */,
				59B37FE026373F2000FD0ADC /* Products */,
			);
			sourceTree = "<group>";
		};
		59B37FE026373F2000FD0ADC /* Products */ = {
			isa = PBXGroup;
			children = (
				59B37FDF26373F2000FD0ADC /* Github Search.app */,
			);
			name = Products;
			sourceTree = "<group>";
		};
		59B37FE126373F2000FD0ADC /* Github Search */ = {
			isa = PBXGroup;
			children = (
				59B3800126384BED00FD0ADC /* Controller */,
				59B3800026384BE500FD0ADC /* View */,
				59B37FFF26384BD200FD0ADC /* Model */,
				59B37FE226373F2000FD0ADC /* AppDelegate.swift */,
				59B37FE426373F2000FD0ADC /* SceneDelegate.swift */,
				59B37FEE26373F2100FD0ADC /* Assets.xcassets */,
				59B37FF026373F2100FD0ADC /* LaunchScreen.storyboard */,
				59B37FF326373F2100FD0ADC /* Info.plist */,
				59B37FEB26373F2000FD0ADC /* Github_Search.xcdatamodeld */,
			);
			path = "Github Search";
			sourceTree = "<group>";
		};
		59B37FFF26384BD200FD0ADC /* Model */ = {
			isa = PBXGroup;
			children = (
				59B3800226384C1600FD0ADC /* Repo.swift */,
				59B3800526384DD800FD0ADC /* NetworkManger.swift */,
			);
			name = Model;
			sourceTree = "<group>";
		};
		59B3800026384BE500FD0ADC /* View */ = {
			isa = PBXGroup;
			children = (
				59B37FE826373F2000FD0ADC /* Main.storyboard */,
				59B380212638552800FD0ADC /* RepoCell.swift */,
				59B380222638552800FD0ADC /* RepoCell.xib */,
			);
			name = View;
			sourceTree = "<group>";
		};
		59B3800126384BED00FD0ADC /* Controller */ = {
			isa = PBXGroup;
			children = (
				59B37FE626373F2000FD0ADC /* ViewController.swift */,
			);
			name = Controller;
			sourceTree = "<group>";
		};
/* End PBXGroup section */

/* Begin PBXNativeTarget section */
		59B37FDE26373F2000FD0ADC /* Github Search */ = {
			isa = PBXNativeTarget;
			buildConfigurationList = 59B37FF626373F2100FD0ADC /* Build configuration list for PBXNativeTarget "Github Search" */;
			buildPhases = (
				59B37FDB26373F2000FD0ADC /* Sources */,
				59B37FDC26373F2000FD0ADC /* Frameworks */,
				59B37FDD26373F2000FD0ADC /* Resources */,
			);
			buildRules = (
			);
			dependencies = (
			);
			name = "Github Search";
			productName = "Github Search";
			productReference = 59B37FDF26373F2000FD0ADC /* Github Search.app */;
			productType = "com.apple.product-type.application";
		};
/* End PBXNativeTarget section */

/* Begin PBXProject section */
		59B37FD726373F2000FD0ADC /* Project object */ = {
			isa = PBXProject;
			attributes = {
				LastSwiftUpdateCheck = 1240;
				LastUpgradeCheck = 1240;
				TargetAttributes = {
					59B37FDE26373F2000FD0ADC = {
						CreatedOnToolsVersion = 12.4;
					};
				};
			};
			buildConfigurationList = 59B37FDA26373F2000FD0ADC /* Build configuration list for PBXProject "Github Search" */;
			compatibilityVersion = "Xcode 9.3";
			developmentRegion = en;
			hasScannedForEncodings = 0;
			knownRegions = (
				en,
				Base,
			);
			mainGroup = 59B37FD626373F2000FD0ADC;
			productRefGroup = 59B37FE026373F2000FD0ADC /* Products */;
			projectDirPath = "";
			projectRoot = "";
			targets = (
				59B37FDE26373F2000FD0ADC /* Github Search */,
			);
		};
/* End PBXProject section */

/* Begin PBXResourcesBuildPhase section */
		59B37FDD26373F2000FD0ADC /* Resources */ = {
			isa = PBXResourcesBuildPhase;
			buildActionMask = 2147483647;
			files = (
				59B37FF226373F2100FD0ADC /* LaunchScreen.storyboard in Resources */,
				59B37FEF26373F2100FD0ADC /* Assets.xcassets in Resources */,
				59B37FEA26373F2000FD0ADC /* Main.storyboard in Resources */,
				59B380242638552800FD0ADC /* RepoCell.xib in Resources */,
			);
			runOnlyForDeploymentPostprocessing = 0;
		};
/* End PBXResourcesBuildPhase section */

/* Begin PBXSourcesBuildPhase section */
		59B37FDB26373F2000FD0ADC /* Sources */ = {
			isa = PBXSourcesBuildPhase;
			buildActionMask = 2147483647;
			files = (
				59B3800626384DD800FD0ADC /* NetworkManger.swift in Sources */,
				59B380232638552800FD0ADC /* RepoCell.swift in Sources */,
				59B37FE726373F2000FD0ADC /* ViewController.swift in Sources */,
				59B37FE326373F2000FD0ADC /* AppDelegate.swift in Sources */,
				59B3800326384C1600FD0ADC /* Repo.swift in Sources */,
				59B37FED26373F2000FD0ADC /* Github_Search.xcdatamodeld in Sources */,
				59B37FE526373F2000FD0ADC /* SceneDelegate.swift in Sources */,
			);
			runOnlyForDeploymentPostprocessing = 0;
		};
/* End PBXSourcesBuildPhase section */

/* Begin PBXVariantGroup section */
		59B37FE826373F2000FD0ADC /* Main.storyboard */ = {
			isa = PBXVariantGroup;
			children = (
				59B37FE926373F2000FD0ADC /* Base */,
			);
			name = Main.storyboard;
			sourceTree = "<group>";
		};
		59B37FF026373F2100FD0ADC /* LaunchScreen.storyboard */ = {
			isa = PBXVariantGroup;
			children = (
				59B37FF126373F2100FD0ADC /* Base */,
			);
			name = LaunchScreen.storyboard;
			sourceTree = "<group>";
		};
/* End PBXVariantGroup section */

/* Begin XCBuildConfiguration section */
		59B37FF426373F2100FD0ADC /* Debug */ = {
			isa = XCBuildConfiguration;
			buildSettings = {
				ALWAYS_SEARCH_USER_PATHS = NO;
				CLANG_ANALYZER_NONNULL = YES;
				CLANG_ANALYZER_NUMBER_OBJECT_CONVERSION = YES_AGGRESSIVE;
				CLANG_CXX_LANGUAGE_STANDARD = "gnu++14";
				CLANG_CXX_LIBRARY = "libc++";
				CLANG_ENABLE_MODULES = YES;
				CLANG_ENABLE_OBJC_ARC = YES;
				CLANG_ENABLE_OBJC_WEAK = YES;
				CLANG_WARN_BLOCK_CAPTURE_AUTORELEASING = YES;
				CLANG_WARN_BOOL_CONVERSION = YES;
				CLANG_WARN_COMMA = YES;
				CLANG_WARN_CONSTANT_CONVERSION = YES;
				CLANG_WARN_DEPRECATED_OBJC_IMPLEMENTATIONS = YES;
				CLANG_WARN_DIRECT_OBJC_ISA_USAGE = YES_ERROR;
				CLANG_WARN_DOCUMENTATION_COMMENTS = YES;
				CLANG_WARN_EMPTY_BODY = YES;
				CLANG_WARN_ENUM_CONVERSION = YES;
				CLANG_WARN_INFINITE_RECURSION = YES;
				CLANG_WARN_INT_CONVERSION = YES;
				CLANG_WARN_NON_LITERAL_NULL_CONVERSION = YES;
				CLANG_WARN_OBJC_IMPLICIT_RETAIN_SELF = YES;
				CLANG_WARN_OBJC_LITERAL_CONVERSION = YES;
				CLANG_WARN_OBJC_ROOT_CLASS = YES_ERROR;
				CLANG_WARN_QUOTED_INCLUDE_IN_FRAMEWORK_HEADER = YES;
				CLANG_WARN_RANGE_LOOP_ANALYSIS = YES;
				CLANG_WARN_STRICT_PROTOTYPES = YES;
				CLANG_WARN_SUSPICIOUS_MOVE = YES;
				CLANG_WARN_UNGUARDED_AVAILABILITY = YES_AGGRESSIVE;
				CLANG_WARN_UNREACHABLE_CODE = YES;
				CLANG_WARN__DUPLICATE_METHOD_MATCH = YES;
				COPY_PHASE_STRIP = NO;
				DEBUG_INFORMATION_FORMAT = dwarf;
				ENABLE_STRICT_OBJC_MSGSEND = YES;
				ENABLE_TESTABILITY = YES;
				GCC_C_LANGUAGE_STANDARD = gnu11;
				GCC_DYNAMIC_NO_PIC = NO;
				GCC_NO_COMMON_BLOCKS = YES;
				GCC_OPTIMIZATION_LEVEL = 0;
				GCC_PREPROCESSOR_DEFINITIONS = (
					"DEBUG=1",
					"$(inherited)",
				);
				GCC_WARN_64_TO_32_BIT_CONVERSION = YES;
				GCC_WARN_ABOUT_RETURN_TYPE = YES_ERROR;
				GCC_WARN_UNDECLARED_SELECTOR = YES;
				GCC_WARN_UNINITIALIZED_AUTOS = YES_AGGRESSIVE;
				GCC_WARN_UNUSED_FUNCTION = YES;
				GCC_WARN_UNUSED_VARIABLE = YES;
				IPHONEOS_DEPLOYMENT_TARGET = 14.4;
				MTL_ENABLE_DEBUG_INFO = INCLUDE_SOURCE;
				MTL_FAST_MATH = YES;
				ONLY_ACTIVE_ARCH = YES;
				SDKROOT = iphoneos;
				SWIFT_ACTIVE_COMPILATION_CONDITIONS = DEBUG;
				SWIFT_OPTIMIZATION_LEVEL = "-Onone";
			};
			name = Debug;
		};
		59B37FF526373F2100FD0ADC /* Release */ = {
			isa = XCBuildConfiguration;
			buildSettings = {
				ALWAYS_SEARCH_USER_PATHS = NO;
				CLANG_ANALYZER_NONNULL = YES;
				CLANG_ANALYZER_NUMBER_OBJECT_CONVERSION = YES_AGGRESSIVE;
				CLANG_CXX_LANGUAGE_STANDARD = "gnu++14";
				CLANG_CXX_LIBRARY = "libc++";
				CLANG_ENABLE_MODULES = YES;
				CLANG_ENABLE_OBJC_ARC = YES;
				CLANG_ENABLE_OBJC_WEAK = YES;
				CLANG_WARN_BLOCK_CAPTURE_AUTORELEASING = YES;
				CLANG_WARN_BOOL_CONVERSION = YES;
				CLANG_WARN_COMMA = YES;
				CLANG_WARN_CONSTANT_CONVERSION = YES;
				CLANG_WARN_DEPRECATED_OBJC_IMPLEMENTATIONS = YES;
				CLANG_WARN_DIRECT_OBJC_ISA_USAGE = YES_ERROR;
				CLANG_WARN_DOCUMENTATION_COMMENTS = YES;
				CLANG_WARN_EMPTY_BODY = YES;
				CLANG_WARN_ENUM_CONVERSION = YES;
				CLANG_WARN_INFINITE_RECURSION = YES;
				CLANG_WARN_INT_CONVERSION = YES;
				CLANG_WARN_NON_LITERAL_NULL_CONVERSION = YES;
				CLANG_WARN_OBJC_IMPLICIT_RETAIN_SELF = YES;
				CLANG_WARN_OBJC_LITERAL_CONVERSION = YES;
				CLANG_WARN_OBJC_ROOT_CLASS = YES_ERROR;
				CLANG_WARN_QUOTED_INCLUDE_IN_FRAMEWORK_HEADER = YES;
				CLANG_WARN_RANGE_LOOP_ANALYSIS = YES;
				CLANG_WARN_STRICT_PROTOTYPES = YES;
				CLANG_WARN_SUSPICIOUS_MOVE = YES;
				CLANG_WARN_UNGUARDED_AVAILABILITY = YES_AGGRESSIVE;
				CLANG_WARN_UNREACHABLE_CODE = YES;
				CLANG_WARN__DUPLICATE_METHOD_MATCH = YES;
				COPY_PHASE_STRIP = NO;
				DEBUG_INFORMATION_FORMAT = "dwarf-with-dsym";
				ENABLE_NS_ASSERTIONS = NO;
				ENABLE_STRICT_OBJC_MSGSEND = YES;
				GCC_C_LANGUAGE_STANDARD = gnu11;
				GCC_NO_COMMON_BLOCKS = YES;
				GCC_WARN_64_TO_32_BIT_CONVERSION = YES;
				GCC_WARN_ABOUT_RETURN_TYPE = YES_ERROR;
				GCC_WARN_UNDECLARED_SELECTOR = YES;
				GCC_WARN_UNINITIALIZED_AUTOS = YES_AGGRESSIVE;
				GCC_WARN_UNUSED_FUNCTION = YES;
				GCC_WARN_UNUSED_VARIABLE = YES;
				IPHONEOS_DEPLOYMENT_TARGET = 14.4;
				MTL_ENABLE_DEBUG_INFO = NO;
				MTL_FAST_MATH = YES;
				SDKROOT = iphoneos;
				SWIFT_COMPILATION_MODE = wholemodule;
				SWIFT_OPTIMIZATION_LEVEL = "-O";
				VALIDATE_PRODUCT = YES;
			};
			name = Release;
		};
		59B37FF726373F2100FD0ADC /* Debug */ = {
			isa = XCBuildConfiguration;
			buildSettings = {
				ASSETCATALOG_COMPILER_APPICON_NAME = AppIcon;
				ASSETCATALOG_COMPILER_GLOBAL_ACCENT_COLOR_NAME = AccentColor;
				CODE_SIGN_STYLE = Automatic;
				DEVELOPMENT_TEAM = EENNJTDFYV;
				INFOPLIST_FILE = "Github Search/Info.plist";
				LD_RUNPATH_SEARCH_PATHS = (
					"$(inherited)",
					"@executable_path/Frameworks",
				);
				PRODUCT_BUNDLE_IDENTIFIER = "com.KhaledMohab.Github-Search";
				PRODUCT_NAME = "$(TARGET_NAME)";
				SWIFT_VERSION = 5.0;
				TARGETED_DEVICE_FAMILY = "1,2";
			};
			name = Debug;
		};
		59B37FF826373F2100FD0ADC /* Release */ = {
			isa = XCBuildConfiguration;
			buildSettings = {
				ASSETCATALOG_COMPILER_APPICON_NAME = AppIcon;
				ASSETCATALOG_COMPILER_GLOBAL_ACCENT_COLOR_NAME = AccentColor;
				CODE_SIGN_STYLE = Automatic;
				DEVELOPMENT_TEAM = EENNJTDFYV;
				INFOPLIST_FILE = "Github Search/Info.plist";
				LD_RUNPATH_SEARCH_PATHS = (
					"$(inherited)",
					"@executable_path/Frameworks",
				);
				PRODUCT_BUNDLE_IDENTIFIER = "com.KhaledMohab.Github-Search";
				PRODUCT_NAME = "$(TARGET_NAME)";
				SWIFT_VERSION = 5.0;
				TARGETED_DEVICE_FAMILY = "1,2";
			};
			name = Release;
		};
/* End XCBuildConfiguration section */

/* Begin XCConfigurationList section */
		59B37FDA26373F2000FD0ADC /* Build configuration list for PBXProject "Github Search" */ = {
			isa = XCConfigurationList;
			buildConfigurations = (
				59B37FF426373F2100FD0ADC /* Debug */,
				59B37FF526373F2100FD0ADC /* Release */,
			);
			defaultConfigurationIsVisible = 0;
			defaultConfigurationName = Release;
		};
		59B37FF626373F2100FD0ADC /* Build configuration list for PBXNativeTarget "Github Search" */ = {
			isa = XCConfigurationList;
			buildConfigurations = (
				59B37FF726373F2100FD0ADC /* Debug */,
				59B37FF826373F2100FD0ADC /* Release */,
			);
			defaultConfigurationIsVisible = 0;
			defaultConfigurationName = Release;
		};
/* End XCConfigurationList section */

/* Begin XCVersionGroup section */
		59B37FEB26373F2000FD0ADC /* Github_Search.xcdatamodeld */ = {
			isa = XCVersionGroup;
			children = (
				59B37FEC26373F2000FD0ADC /* Github_Search.xcdatamodel */,
			);
			currentVersion = 59B37FEC26373F2000FD0ADC /* Github_Search.xcdatamodel */;
			path = Github_Search.xcdatamodeld;
			sourceTree = "<group>";
			versionGroupType = wrapper.xcdatamodel;
		};
/* End XCVersionGroup section */
	};
	rootObject = 59B37FD726373F2000FD0ADC /* Project object */;
}
